
Microsoft Visual Studio Solution File, Format Version 12.00
# Visual Studio Version 17
VisualStudioVersion = 17.9.34902.65
MinimumVisualStudioVersion = 10.0.40219.1
Project("{8BC9CEB8-8B4A-11D0-8D11-00A0C91BC942}") = "dijkstra", "dijkstra\dijkstra.vcxproj", "{382CAA7D-BC3C-4FB0-BABF-80A822C1D09C}"
EndProject
Project("{2150E333-8FDC-42A3-9474-1A3956D46DE8}") = "dmoj", "dmoj", "{AD539A53-3E40-43E8-A5C6-08E7C9508335}"
EndProject
Project("{2150E333-8FDC-42A3-9474-1A3956D46DE8}") = "leetcode", "leetcode", "{82DFC293-2497-44DB-A221-44BDCA1D044F}"
EndProject
Project("{2150E333-8FDC-42A3-9474-1A3956D46DE8}") = "notes", "notes", "{68950A84-B4B7-4B2D-892E-E0C17E37878D}"
	ProjectSection(SolutionItems) = preProject
		data-structures.md = data-structures.md
	EndProjectSection
EndProject
Project("{2150E333-8FDC-42A3-9474-1A3956D46DE8}") = "graphs", "graphs", "{307A5A35-1B84-4824-B17F-CB196B226773}"
EndProject
Project("{8BC9CEB8-8B4A-11D0-8D11-00A0C91BC942}") = "bfs-adjacency-list", "bfs-adjacency-list\bfs-adjacency-list.vcxproj", "{4E371E91-F644-4F67-8FD1-5E16C11046C1}"
EndProject
Project("{8BC9CEB8-8B4A-11D0-8D11-00A0C91BC942}") = "kadanes-algorithm", "kadanes-algorithm\kadanes-algorithm.vcxproj", "{C3B3EFE9-59B8-4BC1-BBCF-305DF067780C}"
EndProject
Project("{2150E333-8FDC-42A3-9474-1A3956D46DE8}") = "general", "general", "{3ED39D70-1996-4B90-A951-77797C2D316E}"
EndProject
Project("{2150E333-8FDC-42A3-9474-1A3956D46DE8}") = "ccc24", "ccc24", "{18087C82-831E-4DA9-A2AD-5CE717D2F9AA}"
EndProject
Project("{2150E333-8FDC-42A3-9474-1A3956D46DE8}") = "leetcode-75", "leetcode-75", "{B9658FDA-248D-40BC-A437-BC5452C04DF1}"
EndProject
Project("{2150E333-8FDC-42A3-9474-1A3956D46DE8}") = "array-and-string", "array-and-string", "{9D976933-2049-4514-ACE9-8BBC6E121A7A}"
EndProject
Project("{2150E333-8FDC-42A3-9474-1A3956D46DE8}") = "backtracking", "backtracking", "{5021D571-FB86-4CC7-B61E-0FE317DDA78F}"
EndProject
Project("{2150E333-8FDC-42A3-9474-1A3956D46DE8}") = "binary-search", "binary-search", "{44B617B8-622E-47EC-A100-5C0F2F5F23BB}"
EndProject
Project("{2150E333-8FDC-42A3-9474-1A3956D46DE8}") = "binary-search-tree", "binary-search-tree", "{E7CC639A-D887-4B7A-9865-E89719C2773A}"
EndProject
Project("{2150E333-8FDC-42A3-9474-1A3956D46DE8}") = "binary-tree-dfs", "binary-tree-dfs", "{8BC5395A-201F-4318-A86C-5D48ACD0A48A}"
EndProject
Project("{2150E333-8FDC-42A3-9474-1A3956D46DE8}") = "binary-tree-bfs", "binary-tree-bfs", "{E92A9B7F-99F2-4592-BDAF-DC4EAE10C879}"
EndProject
Project("{2150E333-8FDC-42A3-9474-1A3956D46DE8}") = "bit-manipulation", "bit-manipulation", "{643A942F-B9FF-4FDE-9D40-86B57A4D3614}"
EndProject
Project("{2150E333-8FDC-42A3-9474-1A3956D46DE8}") = "dp-1d", "dp-1d", "{58E61EC6-2CF7-4F57-87FF-A90F820ED119}"
EndProject
Project("{2150E333-8FDC-42A3-9474-1A3956D46DE8}") = "dp-multidimensional", "dp-multidimensional", "{F37AE44E-370A-4FCB-9237-FA087ECD2289}"
EndProject
Project("{2150E333-8FDC-42A3-9474-1A3956D46DE8}") = "graphs-bfs", "graphs-bfs", "{04322432-898F-462C-A3ED-2288995C064C}"
EndProject
Project("{2150E333-8FDC-42A3-9474-1A3956D46DE8}") = "graphs-dfs", "graphs-dfs", "{AED1F5BD-1365-4093-99D5-67554588C1AD}"
EndProject
Project("{2150E333-8FDC-42A3-9474-1A3956D46DE8}") = "hashmap-set", "hashmap-set", "{98DE067E-0B8F-4664-87E8-F90C47ED87AD}"
EndProject
Project("{2150E333-8FDC-42A3-9474-1A3956D46DE8}") = "heap-priority-queue", "heap-priority-queue", "{D295A95E-9676-459A-B61A-5019BEFDD27F}"
EndProject
Project("{2150E333-8FDC-42A3-9474-1A3956D46DE8}") = "intervals", "intervals", "{95C7AA3F-566F-4F26-A32B-E8896AE34BAF}"
EndProject
Project("{2150E333-8FDC-42A3-9474-1A3956D46DE8}") = "linked-list", "linked-list", "{17A9567A-B011-46D5-B13F-73D890A544F3}"
EndProject
Project("{2150E333-8FDC-42A3-9474-1A3956D46DE8}") = "monotonic-stack", "monotonic-stack", "{DB742FE4-8D12-4274-8D57-9F541DD59CFF}"
EndProject
Project("{2150E333-8FDC-42A3-9474-1A3956D46DE8}") = "prefix-sum", "prefix-sum", "{92ED0052-0CFE-436A-924E-AD97CBF71E7E}"
EndProject
Project("{2150E333-8FDC-42A3-9474-1A3956D46DE8}") = "queue", "queue", "{D4CBE814-37F6-42D0-8D58-1F84E0399449}"
EndProject
Project("{2150E333-8FDC-42A3-9474-1A3956D46DE8}") = "sliding-window", "sliding-window", "{D9078F8C-616F-4622-9246-47ECF1465EA4}"
EndProject
Project("{2150E333-8FDC-42A3-9474-1A3956D46DE8}") = "stack", "stack", "{ABC2ADFF-8DBE-453A-9254-E65EDD469083}"
EndProject
Project("{2150E333-8FDC-42A3-9474-1A3956D46DE8}") = "trie", "trie", "{81307812-DE5E-4944-BD1A-95967C7C854F}"
EndProject
Project("{2150E333-8FDC-42A3-9474-1A3956D46DE8}") = "two-pointers", "two-pointers", "{E715E18E-16AC-4118-9862-FE7DDD9D8D50}"
EndProject
Project("{8BC9CEB8-8B4A-11D0-8D11-00A0C91BC942}") = "canPlaceFlowers", "canPlaceFlowers\canPlaceFlowers.vcxproj", "{4D0470C1-E07D-4687-A8C6-23F7C2BDCC46}"
EndProject
Project("{8BC9CEB8-8B4A-11D0-8D11-00A0C91BC942}") = "compress", "compress\compress.vcxproj", "{68E31CD5-0571-4321-98AE-42646DD2CF86}"
EndProject
Project("{8BC9CEB8-8B4A-11D0-8D11-00A0C91BC942}") = "gcdOfStrings", "gcdOfStrings\gcdOfStrings.vcxproj", "{32F9954D-754D-417F-8990-BB77EC24B812}"
EndProject
Project("{8BC9CEB8-8B4A-11D0-8D11-00A0C91BC942}") = "increasingTriplet", "increasingTriplet\increasingTriplet.vcxproj", "{E626EB48-637D-46A8-9E87-AFD998775FFF}"
EndProject
Project("{8BC9CEB8-8B4A-11D0-8D11-00A0C91BC942}") = "kidsWithCandies", "kidsWithCandies\kidsWithCandies.vcxproj", "{1A3239CF-28C3-404B-B83C-861301575D0F}"
EndProject
Project("{8BC9CEB8-8B4A-11D0-8D11-00A0C91BC942}") = "mergeAlternately", "mergeAlternately\mergeAlternately.vcxproj", "{1F06FB46-74BD-43A4-8D4A-9611782BD077}"
EndProject
Project("{8BC9CEB8-8B4A-11D0-8D11-00A0C91BC942}") = "productExceptSelf", "productExceptSelf\productExceptSelf.vcxproj", "{FBAA7D8B-6E58-4E0A-842F-F986296A9CC2}"
EndProject
Project("{8BC9CEB8-8B4A-11D0-8D11-00A0C91BC942}") = "reverseVowels", "reverseVowels\reverseVowels.vcxproj", "{6765CACD-994B-46CF-8719-3E75678FE176}"
EndProject
Project("{8BC9CEB8-8B4A-11D0-8D11-00A0C91BC942}") = "reverseWords", "reverseWords\reverseWords.vcxproj", "{B985E260-F093-4E18-9670-B6D29E2461E5}"
EndProject
Project("{8BC9CEB8-8B4A-11D0-8D11-00A0C91BC942}") = "closeStrings", "closeStrings\closeStrings.vcxproj", "{B0733980-9281-4378-9B0B-5BF9FB7D5A09}"
EndProject
Project("{8BC9CEB8-8B4A-11D0-8D11-00A0C91BC942}") = "equalPairs", "equalPairs\equalPairs.vcxproj", "{9320805E-33EC-4C48-A3AA-89811F1F6B21}"
EndProject
Project("{8BC9CEB8-8B4A-11D0-8D11-00A0C91BC942}") = "findDifference", "findDifference\findDifference.vcxproj", "{482318CA-C4A4-4B0D-8391-FEB7622A4419}"
EndProject
Project("{8BC9CEB8-8B4A-11D0-8D11-00A0C91BC942}") = "uniqueOccurrences", "uniqueOccurrences\uniqueOccurrences.vcxproj", "{F49C87A8-E2B7-4ADC-BACE-39662BF4ECEF}"
EndProject
Project("{8BC9CEB8-8B4A-11D0-8D11-00A0C91BC942}") = "largestAltitude", "largestAltitude\largestAltitude.vcxproj", "{9FFB9E1E-AAF5-4800-A52A-36E68A62B4B3}"
EndProject
Project("{8BC9CEB8-8B4A-11D0-8D11-00A0C91BC942}") = "pivotIndex", "pivotIndex\pivotIndex.vcxproj", "{0C903F0D-2D73-47FC-851C-3FC50938F41A}"
EndProject
Project("{8BC9CEB8-8B4A-11D0-8D11-00A0C91BC942}") = "findMaxAverage", "findMaxAverage\findMaxAverage.vcxproj", "{B6282D01-72BE-44B4-B941-4CD28BDF288B}"
EndProject
Project("{8BC9CEB8-8B4A-11D0-8D11-00A0C91BC942}") = "longestOnes", "longestOnes\longestOnes.vcxproj", "{94C66602-2EAD-465F-973C-8DDBAB832FC4}"
EndProject
Project("{8BC9CEB8-8B4A-11D0-8D11-00A0C91BC942}") = "longestSubarray", "longestSubarray\longestSubarray.vcxproj", "{56CCF19B-C8D2-4C28-AD88-664AC93B3C6B}"
EndProject
Project("{8BC9CEB8-8B4A-11D0-8D11-00A0C91BC942}") = "maxVowels", "maxVowels\maxVowels.vcxproj", "{6665C52F-40F4-4296-9F71-7EBD39E2C36A}"
EndProject
Project("{8BC9CEB8-8B4A-11D0-8D11-00A0C91BC942}") = "asteroidCollision", "asteroidCollision\asteroidCollision.vcxproj", "{B862894C-7155-44E3-8A52-759EB8786996}"
EndProject
Project("{8BC9CEB8-8B4A-11D0-8D11-00A0C91BC942}") = "decodeString", "decodeString\decodeString.vcxproj", "{0184EE98-6F02-45AF-8926-FC042691B855}"
EndProject
Project("{8BC9CEB8-8B4A-11D0-8D11-00A0C91BC942}") = "removeStars", "removeStars\removeStars.vcxproj", "{6D8BC249-464E-4F16-A383-8D5E4388BD72}"
EndProject
Project("{8BC9CEB8-8B4A-11D0-8D11-00A0C91BC942}") = "isSubsequence", "isSubsequence\isSubsequence.vcxproj", "{5810CF2E-FA61-4194-B659-3271EA4991AE}"
EndProject
Project("{8BC9CEB8-8B4A-11D0-8D11-00A0C91BC942}") = "maxArea", "maxArea\maxArea.vcxproj", "{19B1E303-5879-4320-82A8-EFC96F5114A9}"
EndProject
Project("{8BC9CEB8-8B4A-11D0-8D11-00A0C91BC942}") = "maxOperations", "maxOperations\maxOperations.vcxproj", "{7A4552A4-2E9F-4F30-889D-01296E48E66C}"
EndProject
Project("{8BC9CEB8-8B4A-11D0-8D11-00A0C91BC942}") = "moveZeroes", "moveZeroes\moveZeroes.vcxproj", "{02DF85E7-C2FD-43FD-BF1E-57F8CDDBCFC2}"
EndProject
Project("{8BC9CEB8-8B4A-11D0-8D11-00A0C91BC942}") = "RecentCounter", "RecentCounter\RecentCounter.vcxproj", "{6F1B0106-62B9-4EED-BB69-154E2B064080}"
EndProject
Project("{8BC9CEB8-8B4A-11D0-8D11-00A0C91BC942}") = "predictPartyVictory", "predictPartyVictory\predictPartyVictory.vcxproj", "{CDDE851F-5181-427E-B307-AE814F904483}"
EndProject
Project("{8BC9CEB8-8B4A-11D0-8D11-00A0C91BC942}") = "deleteMiddle", "deleteMiddle\deleteMiddle.vcxproj", "{B2483370-877C-4D34-9A0F-7506DDE31BC0}"
EndProject
Project("{8BC9CEB8-8B4A-11D0-8D11-00A0C91BC942}") = "oddEvenList", "oddEvenList\oddEvenList.vcxproj", "{69F1AEAE-A4D4-434B-A217-B9D39FFB5769}"
EndProject
Project("{8BC9CEB8-8B4A-11D0-8D11-00A0C91BC942}") = "reverseList", "reverseList\reverseList.vcxproj", "{122737D8-C968-45BF-A190-C5A12CA51F40}"
EndProject
Project("{8BC9CEB8-8B4A-11D0-8D11-00A0C91BC942}") = "pairSum", "pairSum\pairSum.vcxproj", "{B95324E0-9468-41DD-A98E-ADBFF02913D9}"
EndProject
Project("{8BC9CEB8-8B4A-11D0-8D11-00A0C91BC942}") = "mergeTwoLists", "mergeTwoLists\mergeTwoLists.vcxproj", "{A2785B00-DEE4-4509-9670-ABEBAD459158}"
EndProject
Project("{2150E333-8FDC-42A3-9474-1A3956D46DE8}") = "ccc23", "ccc23", "{3C1794AA-87EF-4A84-BC61-324E60C4FD1B}"
EndProject
Project("{8BC9CEB8-8B4A-11D0-8D11-00A0C91BC942}") = "ccc24j4", "ccc24j4\ccc24j4.vcxproj", "{887ABF0C-7C13-427D-B26D-AB1393D5F3C6}"
EndProject
Project("{8BC9CEB8-8B4A-11D0-8D11-00A0C91BC942}") = "ccc24j5", "ccc24j5\ccc24j5.vcxproj", "{117F6E34-5360-47EA-8D67-B2B514DF591E}"
EndProject
Project("{8BC9CEB8-8B4A-11D0-8D11-00A0C91BC942}") = "ccc24s1", "ccc24s1\ccc24s1.vcxproj", "{3B5C9036-B76B-4BBF-88DA-3824F60B8686}"
EndProject
Project("{8BC9CEB8-8B4A-11D0-8D11-00A0C91BC942}") = "ccc24s2", "ccc24s2\ccc24s2.vcxproj", "{4AD8629B-3825-4890-BB92-9566333958AB}"
EndProject
Project("{8BC9CEB8-8B4A-11D0-8D11-00A0C91BC942}") = "dfs", "dfs\dfs.vcxproj", "{7D1B9AFE-699D-46C9-B6D3-328F7C5A72CE}"
EndProject
Project("{8BC9CEB8-8B4A-11D0-8D11-00A0C91BC942}") = "maxDepth", "maxDepth\maxDepth.vcxproj", "{D5753E41-263A-48BC-9096-B8F8DD0CDFE8}"
EndProject
Project("{8BC9CEB8-8B4A-11D0-8D11-00A0C91BC942}") = "leafSimilar", "leafSimilar\leafSimilar.vcxproj", "{974F0A58-CAFE-45B9-B55F-B5472196DA67}"
EndProject
Project("{8BC9CEB8-8B4A-11D0-8D11-00A0C91BC942}") = "scoreOfString", "scoreOfString\scoreOfString.vcxproj", "{B4AE31CE-A89E-46A0-B02C-1534A6BF0BDD}"
EndProject
Project("{2150E333-8FDC-42A3-9474-1A3956D46DE8}") = "easy", "easy", "{3A7220B1-4313-4DD3-8542-50376DB38F5F}"
EndProject
Project("{2150E333-8FDC-42A3-9474-1A3956D46DE8}") = "medium", "medium", "{EC365371-F8FD-4FAD-BA7D-28E19BEDEA55}"
EndProject
Project("{2150E333-8FDC-42A3-9474-1A3956D46DE8}") = "hard", "hard", "{13E4AD7E-F98D-4BA4-A146-511D4D7A90EF}"
EndProject
Global
	GlobalSection(SolutionConfigurationPlatforms) = preSolution
		Debug|x64 = Debug|x64
		Debug|x86 = Debug|x86
		Release|x64 = Release|x64
		Release|x86 = Release|x86
	EndGlobalSection
	GlobalSection(ProjectConfigurationPlatforms) = postSolution
		{382CAA7D-BC3C-4FB0-BABF-80A822C1D09C}.Debug|x64.ActiveCfg = Debug|x64
		{382CAA7D-BC3C-4FB0-BABF-80A822C1D09C}.Debug|x64.Build.0 = Debug|x64
		{382CAA7D-BC3C-4FB0-BABF-80A822C1D09C}.Debug|x86.ActiveCfg = Debug|Win32
		{382CAA7D-BC3C-4FB0-BABF-80A822C1D09C}.Debug|x86.Build.0 = Debug|Win32
		{382CAA7D-BC3C-4FB0-BABF-80A822C1D09C}.Release|x64.ActiveCfg = Release|x64
		{382CAA7D-BC3C-4FB0-BABF-80A822C1D09C}.Release|x64.Build.0 = Release|x64
		{382CAA7D-BC3C-4FB0-BABF-80A822C1D09C}.Release|x86.ActiveCfg = Release|Win32
		{382CAA7D-BC3C-4FB0-BABF-80A822C1D09C}.Release|x86.Build.0 = Release|Win32
		{4E371E91-F644-4F67-8FD1-5E16C11046C1}.Debug|x64.ActiveCfg = Debug|x64
		{4E371E91-F644-4F67-8FD1-5E16C11046C1}.Debug|x64.Build.0 = Debug|x64
		{4E371E91-F644-4F67-8FD1-5E16C11046C1}.Debug|x86.ActiveCfg = Debug|Win32
		{4E371E91-F644-4F67-8FD1-5E16C11046C1}.Debug|x86.Build.0 = Debug|Win32
		{4E371E91-F644-4F67-8FD1-5E16C11046C1}.Release|x64.ActiveCfg = Release|x64
		{4E371E91-F644-4F67-8FD1-5E16C11046C1}.Release|x64.Build.0 = Release|x64
		{4E371E91-F644-4F67-8FD1-5E16C11046C1}.Release|x86.ActiveCfg = Release|Win32
		{4E371E91-F644-4F67-8FD1-5E16C11046C1}.Release|x86.Build.0 = Release|Win32
		{C3B3EFE9-59B8-4BC1-BBCF-305DF067780C}.Debug|x64.ActiveCfg = Debug|x64
		{C3B3EFE9-59B8-4BC1-BBCF-305DF067780C}.Debug|x64.Build.0 = Debug|x64
		{C3B3EFE9-59B8-4BC1-BBCF-305DF067780C}.Debug|x86.ActiveCfg = Debug|Win32
		{C3B3EFE9-59B8-4BC1-BBCF-305DF067780C}.Debug|x86.Build.0 = Debug|Win32
		{C3B3EFE9-59B8-4BC1-BBCF-305DF067780C}.Release|x64.ActiveCfg = Release|x64
		{C3B3EFE9-59B8-4BC1-BBCF-305DF067780C}.Release|x64.Build.0 = Release|x64
		{C3B3EFE9-59B8-4BC1-BBCF-305DF067780C}.Release|x86.ActiveCfg = Release|Win32
		{C3B3EFE9-59B8-4BC1-BBCF-305DF067780C}.Release|x86.Build.0 = Release|Win32
		{4D0470C1-E07D-4687-A8C6-23F7C2BDCC46}.Debug|x64.ActiveCfg = Debug|x64
		{4D0470C1-E07D-4687-A8C6-23F7C2BDCC46}.Debug|x64.Build.0 = Debug|x64
		{4D0470C1-E07D-4687-A8C6-23F7C2BDCC46}.Debug|x86.ActiveCfg = Debug|Win32
		{4D0470C1-E07D-4687-A8C6-23F7C2BDCC46}.Debug|x86.Build.0 = Debug|Win32
		{4D0470C1-E07D-4687-A8C6-23F7C2BDCC46}.Release|x64.ActiveCfg = Release|x64
		{4D0470C1-E07D-4687-A8C6-23F7C2BDCC46}.Release|x64.Build.0 = Release|x64
		{4D0470C1-E07D-4687-A8C6-23F7C2BDCC46}.Release|x86.ActiveCfg = Release|Win32
		{4D0470C1-E07D-4687-A8C6-23F7C2BDCC46}.Release|x86.Build.0 = Release|Win32
		{68E31CD5-0571-4321-98AE-42646DD2CF86}.Debug|x64.ActiveCfg = Debug|x64
		{68E31CD5-0571-4321-98AE-42646DD2CF86}.Debug|x64.Build.0 = Debug|x64
		{68E31CD5-0571-4321-98AE-42646DD2CF86}.Debug|x86.ActiveCfg = Debug|Win32
		{68E31CD5-0571-4321-98AE-42646DD2CF86}.Debug|x86.Build.0 = Debug|Win32
		{68E31CD5-0571-4321-98AE-42646DD2CF86}.Release|x64.ActiveCfg = Release|x64
		{68E31CD5-0571-4321-98AE-42646DD2CF86}.Release|x64.Build.0 = Release|x64
		{68E31CD5-0571-4321-98AE-42646DD2CF86}.Release|x86.ActiveCfg = Release|Win32
		{68E31CD5-0571-4321-98AE-42646DD2CF86}.Release|x86.Build.0 = Release|Win32
		{32F9954D-754D-417F-8990-BB77EC24B812}.Debug|x64.ActiveCfg = Debug|x64
		{32F9954D-754D-417F-8990-BB77EC24B812}.Debug|x64.Build.0 = Debug|x64
		{32F9954D-754D-417F-8990-BB77EC24B812}.Debug|x86.ActiveCfg = Debug|Win32
		{32F9954D-754D-417F-8990-BB77EC24B812}.Debug|x86.Build.0 = Debug|Win32
		{32F9954D-754D-417F-8990-BB77EC24B812}.Release|x64.ActiveCfg = Release|x64
		{32F9954D-754D-417F-8990-BB77EC24B812}.Release|x64.Build.0 = Release|x64
		{32F9954D-754D-417F-8990-BB77EC24B812}.Release|x86.ActiveCfg = Release|Win32
		{32F9954D-754D-417F-8990-BB77EC24B812}.Release|x86.Build.0 = Release|Win32
		{E626EB48-637D-46A8-9E87-AFD998775FFF}.Debug|x64.ActiveCfg = Debug|x64
		{E626EB48-637D-46A8-9E87-AFD998775FFF}.Debug|x64.Build.0 = Debug|x64
		{E626EB48-637D-46A8-9E87-AFD998775FFF}.Debug|x86.ActiveCfg = Debug|Win32
		{E626EB48-637D-46A8-9E87-AFD998775FFF}.Debug|x86.Build.0 = Debug|Win32
		{E626EB48-637D-46A8-9E87-AFD998775FFF}.Release|x64.ActiveCfg = Release|x64
		{E626EB48-637D-46A8-9E87-AFD998775FFF}.Release|x64.Build.0 = Release|x64
		{E626EB48-637D-46A8-9E87-AFD998775FFF}.Release|x86.ActiveCfg = Release|Win32
		{E626EB48-637D-46A8-9E87-AFD998775FFF}.Release|x86.Build.0 = Release|Win32
		{1A3239CF-28C3-404B-B83C-861301575D0F}.Debug|x64.ActiveCfg = Debug|x64
		{1A3239CF-28C3-404B-B83C-861301575D0F}.Debug|x64.Build.0 = Debug|x64
		{1A3239CF-28C3-404B-B83C-861301575D0F}.Debug|x86.ActiveCfg = Debug|Win32
		{1A3239CF-28C3-404B-B83C-861301575D0F}.Debug|x86.Build.0 = Debug|Win32
		{1A3239CF-28C3-404B-B83C-861301575D0F}.Release|x64.ActiveCfg = Release|x64
		{1A3239CF-28C3-404B-B83C-861301575D0F}.Release|x64.Build.0 = Release|x64
		{1A3239CF-28C3-404B-B83C-861301575D0F}.Release|x86.ActiveCfg = Release|Win32
		{1A3239CF-28C3-404B-B83C-861301575D0F}.Release|x86.Build.0 = Release|Win32
		{1F06FB46-74BD-43A4-8D4A-9611782BD077}.Debug|x64.ActiveCfg = Debug|x64
		{1F06FB46-74BD-43A4-8D4A-9611782BD077}.Debug|x64.Build.0 = Debug|x64
		{1F06FB46-74BD-43A4-8D4A-9611782BD077}.Debug|x86.ActiveCfg = Debug|Win32
		{1F06FB46-74BD-43A4-8D4A-9611782BD077}.Debug|x86.Build.0 = Debug|Win32
		{1F06FB46-74BD-43A4-8D4A-9611782BD077}.Release|x64.ActiveCfg = Release|x64
		{1F06FB46-74BD-43A4-8D4A-9611782BD077}.Release|x64.Build.0 = Release|x64
		{1F06FB46-74BD-43A4-8D4A-9611782BD077}.Release|x86.ActiveCfg = Release|Win32
		{1F06FB46-74BD-43A4-8D4A-9611782BD077}.Release|x86.Build.0 = Release|Win32
		{FBAA7D8B-6E58-4E0A-842F-F986296A9CC2}.Debug|x64.ActiveCfg = Debug|x64
		{FBAA7D8B-6E58-4E0A-842F-F986296A9CC2}.Debug|x64.Build.0 = Debug|x64
		{FBAA7D8B-6E58-4E0A-842F-F986296A9CC2}.Debug|x86.ActiveCfg = Debug|Win32
		{FBAA7D8B-6E58-4E0A-842F-F986296A9CC2}.Debug|x86.Build.0 = Debug|Win32
		{FBAA7D8B-6E58-4E0A-842F-F986296A9CC2}.Release|x64.ActiveCfg = Release|x64
		{FBAA7D8B-6E58-4E0A-842F-F986296A9CC2}.Release|x64.Build.0 = Release|x64
		{FBAA7D8B-6E58-4E0A-842F-F986296A9CC2}.Release|x86.ActiveCfg = Release|Win32
		{FBAA7D8B-6E58-4E0A-842F-F986296A9CC2}.Release|x86.Build.0 = Release|Win32
		{6765CACD-994B-46CF-8719-3E75678FE176}.Debug|x64.ActiveCfg = Debug|x64
		{6765CACD-994B-46CF-8719-3E75678FE176}.Debug|x64.Build.0 = Debug|x64
		{6765CACD-994B-46CF-8719-3E75678FE176}.Debug|x86.ActiveCfg = Debug|Win32
		{6765CACD-994B-46CF-8719-3E75678FE176}.Debug|x86.Build.0 = Debug|Win32
		{6765CACD-994B-46CF-8719-3E75678FE176}.Release|x64.ActiveCfg = Release|x64
		{6765CACD-994B-46CF-8719-3E75678FE176}.Release|x64.Build.0 = Release|x64
		{6765CACD-994B-46CF-8719-3E75678FE176}.Release|x86.ActiveCfg = Release|Win32
		{6765CACD-994B-46CF-8719-3E75678FE176}.Release|x86.Build.0 = Release|Win32
		{B985E260-F093-4E18-9670-B6D29E2461E5}.Debug|x64.ActiveCfg = Debug|x64
		{B985E260-F093-4E18-9670-B6D29E2461E5}.Debug|x64.Build.0 = Debug|x64
		{B985E260-F093-4E18-9670-B6D29E2461E5}.Debug|x86.ActiveCfg = Debug|Win32
		{B985E260-F093-4E18-9670-B6D29E2461E5}.Debug|x86.Build.0 = Debug|Win32
		{B985E260-F093-4E18-9670-B6D29E2461E5}.Release|x64.ActiveCfg = Release|x64
		{B985E260-F093-4E18-9670-B6D29E2461E5}.Release|x64.Build.0 = Release|x64
		{B985E260-F093-4E18-9670-B6D29E2461E5}.Release|x86.ActiveCfg = Release|Win32
		{B985E260-F093-4E18-9670-B6D29E2461E5}.Release|x86.Build.0 = Release|Win32
		{B0733980-9281-4378-9B0B-5BF9FB7D5A09}.Debug|x64.ActiveCfg = Debug|x64
		{B0733980-9281-4378-9B0B-5BF9FB7D5A09}.Debug|x64.Build.0 = Debug|x64
		{B0733980-9281-4378-9B0B-5BF9FB7D5A09}.Debug|x86.ActiveCfg = Debug|Win32
		{B0733980-9281-4378-9B0B-5BF9FB7D5A09}.Debug|x86.Build.0 = Debug|Win32
		{B0733980-9281-4378-9B0B-5BF9FB7D5A09}.Release|x64.ActiveCfg = Release|x64
		{B0733980-9281-4378-9B0B-5BF9FB7D5A09}.Release|x64.Build.0 = Release|x64
		{B0733980-9281-4378-9B0B-5BF9FB7D5A09}.Release|x86.ActiveCfg = Release|Win32
		{B0733980-9281-4378-9B0B-5BF9FB7D5A09}.Release|x86.Build.0 = Release|Win32
		{9320805E-33EC-4C48-A3AA-89811F1F6B21}.Debug|x64.ActiveCfg = Debug|x64
		{9320805E-33EC-4C48-A3AA-89811F1F6B21}.Debug|x64.Build.0 = Debug|x64
		{9320805E-33EC-4C48-A3AA-89811F1F6B21}.Debug|x86.ActiveCfg = Debug|Win32
		{9320805E-33EC-4C48-A3AA-89811F1F6B21}.Debug|x86.Build.0 = Debug|Win32
		{9320805E-33EC-4C48-A3AA-89811F1F6B21}.Release|x64.ActiveCfg = Release|x64
		{9320805E-33EC-4C48-A3AA-89811F1F6B21}.Release|x64.Build.0 = Release|x64
		{9320805E-33EC-4C48-A3AA-89811F1F6B21}.Release|x86.ActiveCfg = Release|Win32
		{9320805E-33EC-4C48-A3AA-89811F1F6B21}.Release|x86.Build.0 = Release|Win32
		{482318CA-C4A4-4B0D-8391-FEB7622A4419}.Debug|x64.ActiveCfg = Debug|x64
		{482318CA-C4A4-4B0D-8391-FEB7622A4419}.Debug|x64.Build.0 = Debug|x64
		{482318CA-C4A4-4B0D-8391-FEB7622A4419}.Debug|x86.ActiveCfg = Debug|Win32
		{482318CA-C4A4-4B0D-8391-FEB7622A4419}.Debug|x86.Build.0 = Debug|Win32
		{482318CA-C4A4-4B0D-8391-FEB7622A4419}.Release|x64.ActiveCfg = Release|x64
		{482318CA-C4A4-4B0D-8391-FEB7622A4419}.Release|x64.Build.0 = Release|x64
		{482318CA-C4A4-4B0D-8391-FEB7622A4419}.Release|x86.ActiveCfg = Release|Win32
		{482318CA-C4A4-4B0D-8391-FEB7622A4419}.Release|x86.Build.0 = Release|Win32
		{F49C87A8-E2B7-4ADC-BACE-39662BF4ECEF}.Debug|x64.ActiveCfg = Debug|x64
		{F49C87A8-E2B7-4ADC-BACE-39662BF4ECEF}.Debug|x64.Build.0 = Debug|x64
		{F49C87A8-E2B7-4ADC-BACE-39662BF4ECEF}.Debug|x86.ActiveCfg = Debug|Win32
		{F49C87A8-E2B7-4ADC-BACE-39662BF4ECEF}.Debug|x86.Build.0 = Debug|Win32
		{F49C87A8-E2B7-4ADC-BACE-39662BF4ECEF}.Release|x64.ActiveCfg = Release|x64
		{F49C87A8-E2B7-4ADC-BACE-39662BF4ECEF}.Release|x64.Build.0 = Release|x64
		{F49C87A8-E2B7-4ADC-BACE-39662BF4ECEF}.Release|x86.ActiveCfg = Release|Win32
		{F49C87A8-E2B7-4ADC-BACE-39662BF4ECEF}.Release|x86.Build.0 = Release|Win32
		{9FFB9E1E-AAF5-4800-A52A-36E68A62B4B3}.Debug|x64.ActiveCfg = Debug|x64
		{9FFB9E1E-AAF5-4800-A52A-36E68A62B4B3}.Debug|x64.Build.0 = Debug|x64
		{9FFB9E1E-AAF5-4800-A52A-36E68A62B4B3}.Debug|x86.ActiveCfg = Debug|Win32
		{9FFB9E1E-AAF5-4800-A52A-36E68A62B4B3}.Debug|x86.Build.0 = Debug|Win32
		{9FFB9E1E-AAF5-4800-A52A-36E68A62B4B3}.Release|x64.ActiveCfg = Release|x64
		{9FFB9E1E-AAF5-4800-A52A-36E68A62B4B3}.Release|x64.Build.0 = Release|x64
		{9FFB9E1E-AAF5-4800-A52A-36E68A62B4B3}.Release|x86.ActiveCfg = Release|Win32
		{9FFB9E1E-AAF5-4800-A52A-36E68A62B4B3}.Release|x86.Build.0 = Release|Win32
		{0C903F0D-2D73-47FC-851C-3FC50938F41A}.Debug|x64.ActiveCfg = Debug|x64
		{0C903F0D-2D73-47FC-851C-3FC50938F41A}.Debug|x64.Build.0 = Debug|x64
		{0C903F0D-2D73-47FC-851C-3FC50938F41A}.Debug|x86.ActiveCfg = Debug|Win32
		{0C903F0D-2D73-47FC-851C-3FC50938F41A}.Debug|x86.Build.0 = Debug|Win32
		{0C903F0D-2D73-47FC-851C-3FC50938F41A}.Release|x64.ActiveCfg = Release|x64
		{0C903F0D-2D73-47FC-851C-3FC50938F41A}.Release|x64.Build.0 = Release|x64
		{0C903F0D-2D73-47FC-851C-3FC50938F41A}.Release|x86.ActiveCfg = Release|Win32
		{0C903F0D-2D73-47FC-851C-3FC50938F41A}.Release|x86.Build.0 = Release|Win32
		{B6282D01-72BE-44B4-B941-4CD28BDF288B}.Debug|x64.ActiveCfg = Debug|x64
		{B6282D01-72BE-44B4-B941-4CD28BDF288B}.Debug|x64.Build.0 = Debug|x64
		{B6282D01-72BE-44B4-B941-4CD28BDF288B}.Debug|x86.ActiveCfg = Debug|Win32
		{B6282D01-72BE-44B4-B941-4CD28BDF288B}.Debug|x86.Build.0 = Debug|Win32
		{B6282D01-72BE-44B4-B941-4CD28BDF288B}.Release|x64.ActiveCfg = Release|x64
		{B6282D01-72BE-44B4-B941-4CD28BDF288B}.Release|x64.Build.0 = Release|x64
		{B6282D01-72BE-44B4-B941-4CD28BDF288B}.Release|x86.ActiveCfg = Release|Win32
		{B6282D01-72BE-44B4-B941-4CD28BDF288B}.Release|x86.Build.0 = Release|Win32
		{94C66602-2EAD-465F-973C-8DDBAB832FC4}.Debug|x64.ActiveCfg = Debug|x64
		{94C66602-2EAD-465F-973C-8DDBAB832FC4}.Debug|x64.Build.0 = Debug|x64
		{94C66602-2EAD-465F-973C-8DDBAB832FC4}.Debug|x86.ActiveCfg = Debug|Win32
		{94C66602-2EAD-465F-973C-8DDBAB832FC4}.Debug|x86.Build.0 = Debug|Win32
		{94C66602-2EAD-465F-973C-8DDBAB832FC4}.Release|x64.ActiveCfg = Release|x64
		{94C66602-2EAD-465F-973C-8DDBAB832FC4}.Release|x64.Build.0 = Release|x64
		{94C66602-2EAD-465F-973C-8DDBAB832FC4}.Release|x86.ActiveCfg = Release|Win32
		{94C66602-2EAD-465F-973C-8DDBAB832FC4}.Release|x86.Build.0 = Release|Win32
		{56CCF19B-C8D2-4C28-AD88-664AC93B3C6B}.Debug|x64.ActiveCfg = Debug|x64
		{56CCF19B-C8D2-4C28-AD88-664AC93B3C6B}.Debug|x64.Build.0 = Debug|x64
		{56CCF19B-C8D2-4C28-AD88-664AC93B3C6B}.Debug|x86.ActiveCfg = Debug|Win32
		{56CCF19B-C8D2-4C28-AD88-664AC93B3C6B}.Debug|x86.Build.0 = Debug|Win32
		{56CCF19B-C8D2-4C28-AD88-664AC93B3C6B}.Release|x64.ActiveCfg = Release|x64
		{56CCF19B-C8D2-4C28-AD88-664AC93B3C6B}.Release|x64.Build.0 = Release|x64
		{56CCF19B-C8D2-4C28-AD88-664AC93B3C6B}.Release|x86.ActiveCfg = Release|Win32
		{56CCF19B-C8D2-4C28-AD88-664AC93B3C6B}.Release|x86.Build.0 = Release|Win32
		{6665C52F-40F4-4296-9F71-7EBD39E2C36A}.Debug|x64.ActiveCfg = Debug|x64
		{6665C52F-40F4-4296-9F71-7EBD39E2C36A}.Debug|x64.Build.0 = Debug|x64
		{6665C52F-40F4-4296-9F71-7EBD39E2C36A}.Debug|x86.ActiveCfg = Debug|Win32
		{6665C52F-40F4-4296-9F71-7EBD39E2C36A}.Debug|x86.Build.0 = Debug|Win32
		{6665C52F-40F4-4296-9F71-7EBD39E2C36A}.Release|x64.ActiveCfg = Release|x64
		{6665C52F-40F4-4296-9F71-7EBD39E2C36A}.Release|x64.Build.0 = Release|x64
		{6665C52F-40F4-4296-9F71-7EBD39E2C36A}.Release|x86.ActiveCfg = Release|Win32
		{6665C52F-40F4-4296-9F71-7EBD39E2C36A}.Release|x86.Build.0 = Release|Win32
		{B862894C-7155-44E3-8A52-759EB8786996}.Debug|x64.ActiveCfg = Debug|x64
		{B862894C-7155-44E3-8A52-759EB8786996}.Debug|x64.Build.0 = Debug|x64
		{B862894C-7155-44E3-8A52-759EB8786996}.Debug|x86.ActiveCfg = Debug|Win32
		{B862894C-7155-44E3-8A52-759EB8786996}.Debug|x86.Build.0 = Debug|Win32
		{B862894C-7155-44E3-8A52-759EB8786996}.Release|x64.ActiveCfg = Release|x64
		{B862894C-7155-44E3-8A52-759EB8786996}.Release|x64.Build.0 = Release|x64
		{B862894C-7155-44E3-8A52-759EB8786996}.Release|x86.ActiveCfg = Release|Win32
		{B862894C-7155-44E3-8A52-759EB8786996}.Release|x86.Build.0 = Release|Win32
		{0184EE98-6F02-45AF-8926-FC042691B855}.Debug|x64.ActiveCfg = Debug|x64
		{0184EE98-6F02-45AF-8926-FC042691B855}.Debug|x64.Build.0 = Debug|x64
		{0184EE98-6F02-45AF-8926-FC042691B855}.Debug|x86.ActiveCfg = Debug|Win32
		{0184EE98-6F02-45AF-8926-FC042691B855}.Debug|x86.Build.0 = Debug|Win32
		{0184EE98-6F02-45AF-8926-FC042691B855}.Release|x64.ActiveCfg = Release|x64
		{0184EE98-6F02-45AF-8926-FC042691B855}.Release|x64.Build.0 = Release|x64
		{0184EE98-6F02-45AF-8926-FC042691B855}.Release|x86.ActiveCfg = Release|Win32
		{0184EE98-6F02-45AF-8926-FC042691B855}.Release|x86.Build.0 = Release|Win32
		{6D8BC249-464E-4F16-A383-8D5E4388BD72}.Debug|x64.ActiveCfg = Debug|x64
		{6D8BC249-464E-4F16-A383-8D5E4388BD72}.Debug|x64.Build.0 = Debug|x64
		{6D8BC249-464E-4F16-A383-8D5E4388BD72}.Debug|x86.ActiveCfg = Debug|Win32
		{6D8BC249-464E-4F16-A383-8D5E4388BD72}.Debug|x86.Build.0 = Debug|Win32
		{6D8BC249-464E-4F16-A383-8D5E4388BD72}.Release|x64.ActiveCfg = Release|x64
		{6D8BC249-464E-4F16-A383-8D5E4388BD72}.Release|x64.Build.0 = Release|x64
		{6D8BC249-464E-4F16-A383-8D5E4388BD72}.Release|x86.ActiveCfg = Release|Win32
		{6D8BC249-464E-4F16-A383-8D5E4388BD72}.Release|x86.Build.0 = Release|Win32
		{5810CF2E-FA61-4194-B659-3271EA4991AE}.Debug|x64.ActiveCfg = Debug|x64
		{5810CF2E-FA61-4194-B659-3271EA4991AE}.Debug|x64.Build.0 = Debug|x64
		{5810CF2E-FA61-4194-B659-3271EA4991AE}.Debug|x86.ActiveCfg = Debug|Win32
		{5810CF2E-FA61-4194-B659-3271EA4991AE}.Debug|x86.Build.0 = Debug|Win32
		{5810CF2E-FA61-4194-B659-3271EA4991AE}.Release|x64.ActiveCfg = Release|x64
		{5810CF2E-FA61-4194-B659-3271EA4991AE}.Release|x64.Build.0 = Release|x64
		{5810CF2E-FA61-4194-B659-3271EA4991AE}.Release|x86.ActiveCfg = Release|Win32
		{5810CF2E-FA61-4194-B659-3271EA4991AE}.Release|x86.Build.0 = Release|Win32
		{19B1E303-5879-4320-82A8-EFC96F5114A9}.Debug|x64.ActiveCfg = Debug|x64
		{19B1E303-5879-4320-82A8-EFC96F5114A9}.Debug|x64.Build.0 = Debug|x64
		{19B1E303-5879-4320-82A8-EFC96F5114A9}.Debug|x86.ActiveCfg = Debug|Win32
		{19B1E303-5879-4320-82A8-EFC96F5114A9}.Debug|x86.Build.0 = Debug|Win32
		{19B1E303-5879-4320-82A8-EFC96F5114A9}.Release|x64.ActiveCfg = Release|x64
		{19B1E303-5879-4320-82A8-EFC96F5114A9}.Release|x64.Build.0 = Release|x64
		{19B1E303-5879-4320-82A8-EFC96F5114A9}.Release|x86.ActiveCfg = Release|Win32
		{19B1E303-5879-4320-82A8-EFC96F5114A9}.Release|x86.Build.0 = Release|Win32
		{7A4552A4-2E9F-4F30-889D-01296E48E66C}.Debug|x64.ActiveCfg = Debug|x64
		{7A4552A4-2E9F-4F30-889D-01296E48E66C}.Debug|x64.Build.0 = Debug|x64
		{7A4552A4-2E9F-4F30-889D-01296E48E66C}.Debug|x86.ActiveCfg = Debug|Win32
		{7A4552A4-2E9F-4F30-889D-01296E48E66C}.Debug|x86.Build.0 = Debug|Win32
		{7A4552A4-2E9F-4F30-889D-01296E48E66C}.Release|x64.ActiveCfg = Release|x64
		{7A4552A4-2E9F-4F30-889D-01296E48E66C}.Release|x64.Build.0 = Release|x64
		{7A4552A4-2E9F-4F30-889D-01296E48E66C}.Release|x86.ActiveCfg = Release|Win32
		{7A4552A4-2E9F-4F30-889D-01296E48E66C}.Release|x86.Build.0 = Release|Win32
		{02DF85E7-C2FD-43FD-BF1E-57F8CDDBCFC2}.Debug|x64.ActiveCfg = Debug|x64
		{02DF85E7-C2FD-43FD-BF1E-57F8CDDBCFC2}.Debug|x64.Build.0 = Debug|x64
		{02DF85E7-C2FD-43FD-BF1E-57F8CDDBCFC2}.Debug|x86.ActiveCfg = Debug|Win32
		{02DF85E7-C2FD-43FD-BF1E-57F8CDDBCFC2}.Debug|x86.Build.0 = Debug|Win32
		{02DF85E7-C2FD-43FD-BF1E-57F8CDDBCFC2}.Release|x64.ActiveCfg = Release|x64
		{02DF85E7-C2FD-43FD-BF1E-57F8CDDBCFC2}.Release|x64.Build.0 = Release|x64
		{02DF85E7-C2FD-43FD-BF1E-57F8CDDBCFC2}.Release|x86.ActiveCfg = Release|Win32
		{02DF85E7-C2FD-43FD-BF1E-57F8CDDBCFC2}.Release|x86.Build.0 = Release|Win32
		{6F1B0106-62B9-4EED-BB69-154E2B064080}.Debug|x64.ActiveCfg = Debug|x64
		{6F1B0106-62B9-4EED-BB69-154E2B064080}.Debug|x64.Build.0 = Debug|x64
		{6F1B0106-62B9-4EED-BB69-154E2B064080}.Debug|x86.ActiveCfg = Debug|Win32
		{6F1B0106-62B9-4EED-BB69-154E2B064080}.Debug|x86.Build.0 = Debug|Win32
		{6F1B0106-62B9-4EED-BB69-154E2B064080}.Release|x64.ActiveCfg = Release|x64
		{6F1B0106-62B9-4EED-BB69-154E2B064080}.Release|x64.Build.0 = Release|x64
		{6F1B0106-62B9-4EED-BB69-154E2B064080}.Release|x86.ActiveCfg = Release|Win32
		{6F1B0106-62B9-4EED-BB69-154E2B064080}.Release|x86.Build.0 = Release|Win32
		{CDDE851F-5181-427E-B307-AE814F904483}.Debug|x64.ActiveCfg = Debug|x64
		{CDDE851F-5181-427E-B307-AE814F904483}.Debug|x64.Build.0 = Debug|x64
		{CDDE851F-5181-427E-B307-AE814F904483}.Debug|x86.ActiveCfg = Debug|Win32
		{CDDE851F-5181-427E-B307-AE814F904483}.Debug|x86.Build.0 = Debug|Win32
		{CDDE851F-5181-427E-B307-AE814F904483}.Release|x64.ActiveCfg = Release|x64
		{CDDE851F-5181-427E-B307-AE814F904483}.Release|x64.Build.0 = Release|x64
		{CDDE851F-5181-427E-B307-AE814F904483}.Release|x86.ActiveCfg = Release|Win32
		{CDDE851F-5181-427E-B307-AE814F904483}.Release|x86.Build.0 = Release|Win32
		{B2483370-877C-4D34-9A0F-7506DDE31BC0}.Debug|x64.ActiveCfg = Debug|x64
		{B2483370-877C-4D34-9A0F-7506DDE31BC0}.Debug|x64.Build.0 = Debug|x64
		{B2483370-877C-4D34-9A0F-7506DDE31BC0}.Debug|x86.ActiveCfg = Debug|Win32
		{B2483370-877C-4D34-9A0F-7506DDE31BC0}.Debug|x86.Build.0 = Debug|Win32
		{B2483370-877C-4D34-9A0F-7506DDE31BC0}.Release|x64.ActiveCfg = Release|x64
		{B2483370-877C-4D34-9A0F-7506DDE31BC0}.Release|x64.Build.0 = Release|x64
		{B2483370-877C-4D34-9A0F-7506DDE31BC0}.Release|x86.ActiveCfg = Release|Win32
		{B2483370-877C-4D34-9A0F-7506DDE31BC0}.Release|x86.Build.0 = Release|Win32
		{69F1AEAE-A4D4-434B-A217-B9D39FFB5769}.Debug|x64.ActiveCfg = Debug|x64
		{69F1AEAE-A4D4-434B-A217-B9D39FFB5769}.Debug|x64.Build.0 = Debug|x64
		{69F1AEAE-A4D4-434B-A217-B9D39FFB5769}.Debug|x86.ActiveCfg = Debug|Win32
		{69F1AEAE-A4D4-434B-A217-B9D39FFB5769}.Debug|x86.Build.0 = Debug|Win32
		{69F1AEAE-A4D4-434B-A217-B9D39FFB5769}.Release|x64.ActiveCfg = Release|x64
		{69F1AEAE-A4D4-434B-A217-B9D39FFB5769}.Release|x64.Build.0 = Release|x64
		{69F1AEAE-A4D4-434B-A217-B9D39FFB5769}.Release|x86.ActiveCfg = Release|Win32
		{69F1AEAE-A4D4-434B-A217-B9D39FFB5769}.Release|x86.Build.0 = Release|Win32
		{122737D8-C968-45BF-A190-C5A12CA51F40}.Debug|x64.ActiveCfg = Debug|x64
		{122737D8-C968-45BF-A190-C5A12CA51F40}.Debug|x64.Build.0 = Debug|x64
		{122737D8-C968-45BF-A190-C5A12CA51F40}.Debug|x86.ActiveCfg = Debug|Win32
		{122737D8-C968-45BF-A190-C5A12CA51F40}.Debug|x86.Build.0 = Debug|Win32
		{122737D8-C968-45BF-A190-C5A12CA51F40}.Release|x64.ActiveCfg = Release|x64
		{122737D8-C968-45BF-A190-C5A12CA51F40}.Release|x64.Build.0 = Release|x64
		{122737D8-C968-45BF-A190-C5A12CA51F40}.Release|x86.ActiveCfg = Release|Win32
		{122737D8-C968-45BF-A190-C5A12CA51F40}.Release|x86.Build.0 = Release|Win32
		{B95324E0-9468-41DD-A98E-ADBFF02913D9}.Debug|x64.ActiveCfg = Debug|x64
		{B95324E0-9468-41DD-A98E-ADBFF02913D9}.Debug|x64.Build.0 = Debug|x64
		{B95324E0-9468-41DD-A98E-ADBFF02913D9}.Debug|x86.ActiveCfg = Debug|Win32
		{B95324E0-9468-41DD-A98E-ADBFF02913D9}.Debug|x86.Build.0 = Debug|Win32
		{B95324E0-9468-41DD-A98E-ADBFF02913D9}.Release|x64.ActiveCfg = Release|x64
		{B95324E0-9468-41DD-A98E-ADBFF02913D9}.Release|x64.Build.0 = Release|x64
		{B95324E0-9468-41DD-A98E-ADBFF02913D9}.Release|x86.ActiveCfg = Release|Win32
		{B95324E0-9468-41DD-A98E-ADBFF02913D9}.Release|x86.Build.0 = Release|Win32
		{A2785B00-DEE4-4509-9670-ABEBAD459158}.Debug|x64.ActiveCfg = Debug|x64
		{A2785B00-DEE4-4509-9670-ABEBAD459158}.Debug|x64.Build.0 = Debug|x64
		{A2785B00-DEE4-4509-9670-ABEBAD459158}.Debug|x86.ActiveCfg = Debug|Win32
		{A2785B00-DEE4-4509-9670-ABEBAD459158}.Debug|x86.Build.0 = Debug|Win32
		{A2785B00-DEE4-4509-9670-ABEBAD459158}.Release|x64.ActiveCfg = Release|x64
		{A2785B00-DEE4-4509-9670-ABEBAD459158}.Release|x64.Build.0 = Release|x64
		{A2785B00-DEE4-4509-9670-ABEBAD459158}.Release|x86.ActiveCfg = Release|Win32
		{A2785B00-DEE4-4509-9670-ABEBAD459158}.Release|x86.Build.0 = Release|Win32
		{887ABF0C-7C13-427D-B26D-AB1393D5F3C6}.Debug|x64.ActiveCfg = Debug|x64
		{887ABF0C-7C13-427D-B26D-AB1393D5F3C6}.Debug|x64.Build.0 = Debug|x64
		{887ABF0C-7C13-427D-B26D-AB1393D5F3C6}.Debug|x86.ActiveCfg = Debug|Win32
		{887ABF0C-7C13-427D-B26D-AB1393D5F3C6}.Debug|x86.Build.0 = Debug|Win32
		{887ABF0C-7C13-427D-B26D-AB1393D5F3C6}.Release|x64.ActiveCfg = Release|x64
		{887ABF0C-7C13-427D-B26D-AB1393D5F3C6}.Release|x64.Build.0 = Release|x64
		{887ABF0C-7C13-427D-B26D-AB1393D5F3C6}.Release|x86.ActiveCfg = Release|Win32
		{887ABF0C-7C13-427D-B26D-AB1393D5F3C6}.Release|x86.Build.0 = Release|Win32
		{117F6E34-5360-47EA-8D67-B2B514DF591E}.Debug|x64.ActiveCfg = Debug|x64
		{117F6E34-5360-47EA-8D67-B2B514DF591E}.Debug|x64.Build.0 = Debug|x64
		{117F6E34-5360-47EA-8D67-B2B514DF591E}.Debug|x86.ActiveCfg = Debug|Win32
		{117F6E34-5360-47EA-8D67-B2B514DF591E}.Debug|x86.Build.0 = Debug|Win32
		{117F6E34-5360-47EA-8D67-B2B514DF591E}.Release|x64.ActiveCfg = Release|x64
		{117F6E34-5360-47EA-8D67-B2B514DF591E}.Release|x64.Build.0 = Release|x64
		{117F6E34-5360-47EA-8D67-B2B514DF591E}.Release|x86.ActiveCfg = Release|Win32
		{117F6E34-5360-47EA-8D67-B2B514DF591E}.Release|x86.Build.0 = Release|Win32
		{3B5C9036-B76B-4BBF-88DA-3824F60B8686}.Debug|x64.ActiveCfg = Debug|x64
		{3B5C9036-B76B-4BBF-88DA-3824F60B8686}.Debug|x64.Build.0 = Debug|x64
		{3B5C9036-B76B-4BBF-88DA-3824F60B8686}.Debug|x86.ActiveCfg = Debug|Win32
		{3B5C9036-B76B-4BBF-88DA-3824F60B8686}.Debug|x86.Build.0 = Debug|Win32
		{3B5C9036-B76B-4BBF-88DA-3824F60B8686}.Release|x64.ActiveCfg = Release|x64
		{3B5C9036-B76B-4BBF-88DA-3824F60B8686}.Release|x64.Build.0 = Release|x64
		{3B5C9036-B76B-4BBF-88DA-3824F60B8686}.Release|x86.ActiveCfg = Release|Win32
		{3B5C9036-B76B-4BBF-88DA-3824F60B8686}.Release|x86.Build.0 = Release|Win32
		{4AD8629B-3825-4890-BB92-9566333958AB}.Debug|x64.ActiveCfg = Debug|x64
		{4AD8629B-3825-4890-BB92-9566333958AB}.Debug|x64.Build.0 = Debug|x64
		{4AD8629B-3825-4890-BB92-9566333958AB}.Debug|x86.ActiveCfg = Debug|Win32
		{4AD8629B-3825-4890-BB92-9566333958AB}.Debug|x86.Build.0 = Debug|Win32
		{4AD8629B-3825-4890-BB92-9566333958AB}.Release|x64.ActiveCfg = Release|x64
		{4AD8629B-3825-4890-BB92-9566333958AB}.Release|x64.Build.0 = Release|x64
		{4AD8629B-3825-4890-BB92-9566333958AB}.Release|x86.ActiveCfg = Release|Win32
		{4AD8629B-3825-4890-BB92-9566333958AB}.Release|x86.Build.0 = Release|Win32
		{7D1B9AFE-699D-46C9-B6D3-328F7C5A72CE}.Debug|x64.ActiveCfg = Debug|x64
		{7D1B9AFE-699D-46C9-B6D3-328F7C5A72CE}.Debug|x64.Build.0 = Debug|x64
		{7D1B9AFE-699D-46C9-B6D3-328F7C5A72CE}.Debug|x86.ActiveCfg = Debug|Win32
		{7D1B9AFE-699D-46C9-B6D3-328F7C5A72CE}.Debug|x86.Build.0 = Debug|Win32
		{7D1B9AFE-699D-46C9-B6D3-328F7C5A72CE}.Release|x64.ActiveCfg = Release|x64
		{7D1B9AFE-699D-46C9-B6D3-328F7C5A72CE}.Release|x64.Build.0 = Release|x64
		{7D1B9AFE-699D-46C9-B6D3-328F7C5A72CE}.Release|x86.ActiveCfg = Release|Win32
		{7D1B9AFE-699D-46C9-B6D3-328F7C5A72CE}.Release|x86.Build.0 = Release|Win32
		{D5753E41-263A-48BC-9096-B8F8DD0CDFE8}.Debug|x64.ActiveCfg = Debug|x64
		{D5753E41-263A-48BC-9096-B8F8DD0CDFE8}.Debug|x64.Build.0 = Debug|x64
		{D5753E41-263A-48BC-9096-B8F8DD0CDFE8}.Debug|x86.ActiveCfg = Debug|Win32
		{D5753E41-263A-48BC-9096-B8F8DD0CDFE8}.Debug|x86.Build.0 = Debug|Win32
		{D5753E41-263A-48BC-9096-B8F8DD0CDFE8}.Release|x64.ActiveCfg = Release|x64
		{D5753E41-263A-48BC-9096-B8F8DD0CDFE8}.Release|x64.Build.0 = Release|x64
		{D5753E41-263A-48BC-9096-B8F8DD0CDFE8}.Release|x86.ActiveCfg = Release|Win32
		{D5753E41-263A-48BC-9096-B8F8DD0CDFE8}.Release|x86.Build.0 = Release|Win32
		{974F0A58-CAFE-45B9-B55F-B5472196DA67}.Debug|x64.ActiveCfg = Debug|x64
		{974F0A58-CAFE-45B9-B55F-B5472196DA67}.Debug|x64.Build.0 = Debug|x64
		{974F0A58-CAFE-45B9-B55F-B5472196DA67}.Debug|x86.ActiveCfg = Debug|Win32
		{974F0A58-CAFE-45B9-B55F-B5472196DA67}.Debug|x86.Build.0 = Debug|Win32
		{974F0A58-CAFE-45B9-B55F-B5472196DA67}.Release|x64.ActiveCfg = Release|x64
		{974F0A58-CAFE-45B9-B55F-B5472196DA67}.Release|x64.Build.0 = Release|x64
		{974F0A58-CAFE-45B9-B55F-B5472196DA67}.Release|x86.ActiveCfg = Release|Win32
		{974F0A58-CAFE-45B9-B55F-B5472196DA67}.Release|x86.Build.0 = Release|Win32
		{B4AE31CE-A89E-46A0-B02C-1534A6BF0BDD}.Debug|x64.ActiveCfg = Debug|x64
		{B4AE31CE-A89E-46A0-B02C-1534A6BF0BDD}.Debug|x64.Build.0 = Debug|x64
		{B4AE31CE-A89E-46A0-B02C-1534A6BF0BDD}.Debug|x86.ActiveCfg = Debug|Win32
		{B4AE31CE-A89E-46A0-B02C-1534A6BF0BDD}.Debug|x86.Build.0 = Debug|Win32
		{B4AE31CE-A89E-46A0-B02C-1534A6BF0BDD}.Release|x64.ActiveCfg = Release|x64
		{B4AE31CE-A89E-46A0-B02C-1534A6BF0BDD}.Release|x64.Build.0 = Release|x64
		{B4AE31CE-A89E-46A0-B02C-1534A6BF0BDD}.Release|x86.ActiveCfg = Release|Win32
		{B4AE31CE-A89E-46A0-B02C-1534A6BF0BDD}.Release|x86.Build.0 = Release|Win32
	EndGlobalSection
	GlobalSection(SolutionProperties) = preSolution
		HideSolutionNode = FALSE
	EndGlobalSection
	GlobalSection(NestedProjects) = preSolution
		{382CAA7D-BC3C-4FB0-BABF-80A822C1D09C} = {307A5A35-1B84-4824-B17F-CB196B226773}
		{307A5A35-1B84-4824-B17F-CB196B226773} = {68950A84-B4B7-4B2D-892E-E0C17E37878D}
		{4E371E91-F644-4F67-8FD1-5E16C11046C1} = {307A5A35-1B84-4824-B17F-CB196B226773}
		{C3B3EFE9-59B8-4BC1-BBCF-305DF067780C} = {68950A84-B4B7-4B2D-892E-E0C17E37878D}
		{3ED39D70-1996-4B90-A951-77797C2D316E} = {82DFC293-2497-44DB-A221-44BDCA1D044F}
		{18087C82-831E-4DA9-A2AD-5CE717D2F9AA} = {AD539A53-3E40-43E8-A5C6-08E7C9508335}
		{B9658FDA-248D-40BC-A437-BC5452C04DF1} = {82DFC293-2497-44DB-A221-44BDCA1D044F}
		{9D976933-2049-4514-ACE9-8BBC6E121A7A} = {B9658FDA-248D-40BC-A437-BC5452C04DF1}
		{5021D571-FB86-4CC7-B61E-0FE317DDA78F} = {B9658FDA-248D-40BC-A437-BC5452C04DF1}
		{44B617B8-622E-47EC-A100-5C0F2F5F23BB} = {B9658FDA-248D-40BC-A437-BC5452C04DF1}
		{E7CC639A-D887-4B7A-9865-E89719C2773A} = {B9658FDA-248D-40BC-A437-BC5452C04DF1}
		{8BC5395A-201F-4318-A86C-5D48ACD0A48A} = {B9658FDA-248D-40BC-A437-BC5452C04DF1}
		{E92A9B7F-99F2-4592-BDAF-DC4EAE10C879} = {B9658FDA-248D-40BC-A437-BC5452C04DF1}
		{643A942F-B9FF-4FDE-9D40-86B57A4D3614} = {B9658FDA-248D-40BC-A437-BC5452C04DF1}
		{58E61EC6-2CF7-4F57-87FF-A90F820ED119} = {B9658FDA-248D-40BC-A437-BC5452C04DF1}
		{F37AE44E-370A-4FCB-9237-FA087ECD2289} = {B9658FDA-248D-40BC-A437-BC5452C04DF1}
		{04322432-898F-462C-A3ED-2288995C064C} = {B9658FDA-248D-40BC-A437-BC5452C04DF1}
		{AED1F5BD-1365-4093-99D5-67554588C1AD} = {B9658FDA-248D-40BC-A437-BC5452C04DF1}
		{98DE067E-0B8F-4664-87E8-F90C47ED87AD} = {B9658FDA-248D-40BC-A437-BC5452C04DF1}
		{D295A95E-9676-459A-B61A-5019BEFDD27F} = {B9658FDA-248D-40BC-A437-BC5452C04DF1}
		{95C7AA3F-566F-4F26-A32B-E8896AE34BAF} = {B9658FDA-248D-40BC-A437-BC5452C04DF1}
		{17A9567A-B011-46D5-B13F-73D890A544F3} = {B9658FDA-248D-40BC-A437-BC5452C04DF1}
		{DB742FE4-8D12-4274-8D57-9F541DD59CFF} = {B9658FDA-248D-40BC-A437-BC5452C04DF1}
		{92ED0052-0CFE-436A-924E-AD97CBF71E7E} = {B9658FDA-248D-40BC-A437-BC5452C04DF1}
		{D4CBE814-37F6-42D0-8D58-1F84E0399449} = {B9658FDA-248D-40BC-A437-BC5452C04DF1}
		{D9078F8C-616F-4622-9246-47ECF1465EA4} = {B9658FDA-248D-40BC-A437-BC5452C04DF1}
		{ABC2ADFF-8DBE-453A-9254-E65EDD469083} = {B9658FDA-248D-40BC-A437-BC5452C04DF1}
		{81307812-DE5E-4944-BD1A-95967C7C854F} = {B9658FDA-248D-40BC-A437-BC5452C04DF1}
		{E715E18E-16AC-4118-9862-FE7DDD9D8D50} = {B9658FDA-248D-40BC-A437-BC5452C04DF1}
		{4D0470C1-E07D-4687-A8C6-23F7C2BDCC46} = {9D976933-2049-4514-ACE9-8BBC6E121A7A}
		{68E31CD5-0571-4321-98AE-42646DD2CF86} = {9D976933-2049-4514-ACE9-8BBC6E121A7A}
		{32F9954D-754D-417F-8990-BB77EC24B812} = {9D976933-2049-4514-ACE9-8BBC6E121A7A}
		{E626EB48-637D-46A8-9E87-AFD998775FFF} = {9D976933-2049-4514-ACE9-8BBC6E121A7A}
		{1A3239CF-28C3-404B-B83C-861301575D0F} = {9D976933-2049-4514-ACE9-8BBC6E121A7A}
		{1F06FB46-74BD-43A4-8D4A-9611782BD077} = {9D976933-2049-4514-ACE9-8BBC6E121A7A}
		{FBAA7D8B-6E58-4E0A-842F-F986296A9CC2} = {9D976933-2049-4514-ACE9-8BBC6E121A7A}
		{6765CACD-994B-46CF-8719-3E75678FE176} = {9D976933-2049-4514-ACE9-8BBC6E121A7A}
		{B985E260-F093-4E18-9670-B6D29E2461E5} = {9D976933-2049-4514-ACE9-8BBC6E121A7A}
		{B0733980-9281-4378-9B0B-5BF9FB7D5A09} = {98DE067E-0B8F-4664-87E8-F90C47ED87AD}
		{9320805E-33EC-4C48-A3AA-89811F1F6B21} = {98DE067E-0B8F-4664-87E8-F90C47ED87AD}
		{482318CA-C4A4-4B0D-8391-FEB7622A4419} = {98DE067E-0B8F-4664-87E8-F90C47ED87AD}
		{F49C87A8-E2B7-4ADC-BACE-39662BF4ECEF} = {98DE067E-0B8F-4664-87E8-F90C47ED87AD}
		{9FFB9E1E-AAF5-4800-A52A-36E68A62B4B3} = {92ED0052-0CFE-436A-924E-AD97CBF71E7E}
		{0C903F0D-2D73-47FC-851C-3FC50938F41A} = {92ED0052-0CFE-436A-924E-AD97CBF71E7E}
		{B6282D01-72BE-44B4-B941-4CD28BDF288B} = {D9078F8C-616F-4622-9246-47ECF1465EA4}
		{94C66602-2EAD-465F-973C-8DDBAB832FC4} = {D9078F8C-616F-4622-9246-47ECF1465EA4}
		{56CCF19B-C8D2-4C28-AD88-664AC93B3C6B} = {D9078F8C-616F-4622-9246-47ECF1465EA4}
		{6665C52F-40F4-4296-9F71-7EBD39E2C36A} = {D9078F8C-616F-4622-9246-47ECF1465EA4}
		{B862894C-7155-44E3-8A52-759EB8786996} = {ABC2ADFF-8DBE-453A-9254-E65EDD469083}
		{0184EE98-6F02-45AF-8926-FC042691B855} = {ABC2ADFF-8DBE-453A-9254-E65EDD469083}
		{6D8BC249-464E-4F16-A383-8D5E4388BD72} = {ABC2ADFF-8DBE-453A-9254-E65EDD469083}
		{5810CF2E-FA61-4194-B659-3271EA4991AE} = {E715E18E-16AC-4118-9862-FE7DDD9D8D50}
		{19B1E303-5879-4320-82A8-EFC96F5114A9} = {E715E18E-16AC-4118-9862-FE7DDD9D8D50}
		{7A4552A4-2E9F-4F30-889D-01296E48E66C} = {E715E18E-16AC-4118-9862-FE7DDD9D8D50}
		{02DF85E7-C2FD-43FD-BF1E-57F8CDDBCFC2} = {E715E18E-16AC-4118-9862-FE7DDD9D8D50}
		{6F1B0106-62B9-4EED-BB69-154E2B064080} = {D4CBE814-37F6-42D0-8D58-1F84E0399449}
		{CDDE851F-5181-427E-B307-AE814F904483} = {D4CBE814-37F6-42D0-8D58-1F84E0399449}
		{B2483370-877C-4D34-9A0F-7506DDE31BC0} = {17A9567A-B011-46D5-B13F-73D890A544F3}
		{69F1AEAE-A4D4-434B-A217-B9D39FFB5769} = {17A9567A-B011-46D5-B13F-73D890A544F3}
		{122737D8-C968-45BF-A190-C5A12CA51F40} = {17A9567A-B011-46D5-B13F-73D890A544F3}
		{B95324E0-9468-41DD-A98E-ADBFF02913D9} = {17A9567A-B011-46D5-B13F-73D890A544F3}
		{A2785B00-DEE4-4509-9670-ABEBAD459158} = {3A7220B1-4313-4DD3-8542-50376DB38F5F}
		{3C1794AA-87EF-4A84-BC61-324E60C4FD1B} = {AD539A53-3E40-43E8-A5C6-08E7C9508335}
		{887ABF0C-7C13-427D-B26D-AB1393D5F3C6} = {18087C82-831E-4DA9-A2AD-5CE717D2F9AA}
		{117F6E34-5360-47EA-8D67-B2B514DF591E} = {18087C82-831E-4DA9-A2AD-5CE717D2F9AA}
		{3B5C9036-B76B-4BBF-88DA-3824F60B8686} = {18087C82-831E-4DA9-A2AD-5CE717D2F9AA}
		{4AD8629B-3825-4890-BB92-9566333958AB} = {18087C82-831E-4DA9-A2AD-5CE717D2F9AA}
		{7D1B9AFE-699D-46C9-B6D3-328F7C5A72CE} = {307A5A35-1B84-4824-B17F-CB196B226773}
		{D5753E41-263A-48BC-9096-B8F8DD0CDFE8} = {AED1F5BD-1365-4093-99D5-67554588C1AD}
		{974F0A58-CAFE-45B9-B55F-B5472196DA67} = {AED1F5BD-1365-4093-99D5-67554588C1AD}
		{B4AE31CE-A89E-46A0-B02C-1534A6BF0BDD} = {3A7220B1-4313-4DD3-8542-50376DB38F5F}
		{3A7220B1-4313-4DD3-8542-50376DB38F5F} = {3ED39D70-1996-4B90-A951-77797C2D316E}
		{EC365371-F8FD-4FAD-BA7D-28E19BEDEA55} = {3ED39D70-1996-4B90-A951-77797C2D316E}
		{13E4AD7E-F98D-4BA4-A146-511D4D7A90EF} = {3ED39D70-1996-4B90-A951-77797C2D316E}
	EndGlobalSection
	GlobalSection(ExtensibilityGlobals) = postSolution
		SolutionGuid = {D554ABC8-7808-4E41-842B-FF3624870EF4}
	EndGlobalSection
EndGlobal
